// !$*UTF8*$!
{
	archiveVersion = 1;
	classes = {
	};
	objectVersion = 50;
	objects = {

/* Begin PBXBuildFile section */
		933368832AB4568600AFC0C9 /* AppDelegate.swift in Sources */ = {isa = PBXBuildFile; fileRef = 933368822AB4568600AFC0C9 /* AppDelegate.swift */; };
		933368852AB4568600AFC0C9 /* SceneDelegate.swift in Sources */ = {isa = PBXBuildFile; fileRef = 933368842AB4568600AFC0C9 /* SceneDelegate.swift */; };
		9333688A2AB4568600AFC0C9 /* Main.storyboard in Resources */ = {isa = PBXBuildFile; fileRef = 933368882AB4568600AFC0C9 /* Main.storyboard */; };
		9333688C2AB4568800AFC0C9 /* Assets.xcassets in Resources */ = {isa = PBXBuildFile; fileRef = 9333688B2AB4568800AFC0C9 /* Assets.xcassets */; };
		9333688F2AB4568800AFC0C9 /* LaunchScreen.storyboard in Resources */ = {isa = PBXBuildFile; fileRef = 9333688D2AB4568800AFC0C9 /* LaunchScreen.storyboard */; };
		9333689C2AB459AE00AFC0C9 /* NewslineViewController.swift in Sources */ = {isa = PBXBuildFile; fileRef = 9333689B2AB459AE00AFC0C9 /* NewslineViewController.swift */; };
		9333689F2AB459C300AFC0C9 /* DetailedInformationViewController.swift in Sources */ = {isa = PBXBuildFile; fileRef = 9333689E2AB459C300AFC0C9 /* DetailedInformationViewController.swift */; };
		933368A52AB4628E00AFC0C9 /* NewsFeedTableViewCell.swift in Sources */ = {isa = PBXBuildFile; fileRef = 933368A32AB4628E00AFC0C9 /* NewsFeedTableViewCell.swift */; };
		933368A62AB4628E00AFC0C9 /* NewsFeedTableViewCell.xib in Resources */ = {isa = PBXBuildFile; fileRef = 933368A42AB4628E00AFC0C9 /* NewsFeedTableViewCell.xib */; };
		933368AB2AB4757B00AFC0C9 /* NetworkManager.swift in Sources */ = {isa = PBXBuildFile; fileRef = 933368AA2AB4757B00AFC0C9 /* NetworkManager.swift */; };
		933368AE2AB4766F00AFC0C9 /* NetworkFetchService.swift in Sources */ = {isa = PBXBuildFile; fileRef = 933368AD2AB4766F00AFC0C9 /* NetworkFetchService.swift */; };
		933368B22AB4770200AFC0C9 /* NewsFeedModel.swift in Sources */ = {isa = PBXBuildFile; fileRef = 933368B12AB4770200AFC0C9 /* NewsFeedModel.swift */; };
		933368BA2AB4790800AFC0C9 /* DetailedNewsModel.swift in Sources */ = {isa = PBXBuildFile; fileRef = 933368B92AB4790800AFC0C9 /* DetailedNewsModel.swift */; };
/* End PBXBuildFile section */

/* Begin PBXFileReference section */
		9333687F2AB4568600AFC0C9 /* NewslineTestApp.app */ = {isa = PBXFileReference; explicitFileType = wrapper.application; includeInIndex = 0; path = NewslineTestApp.app; sourceTree = BUILT_PRODUCTS_DIR; };
		933368822AB4568600AFC0C9 /* AppDelegate.swift */ = {isa = PBXFileReference; lastKnownFileType = sourcecode.swift; path = AppDelegate.swift; sourceTree = "<group>"; };
		933368842AB4568600AFC0C9 /* SceneDelegate.swift */ = {isa = PBXFileReference; lastKnownFileType = sourcecode.swift; path = SceneDelegate.swift; sourceTree = "<group>"; };
		933368892AB4568600AFC0C9 /* Base */ = {isa = PBXFileReference; lastKnownFileType = file.storyboard; name = Base; path = Base.lproj/Main.storyboard; sourceTree = "<group>"; };
		9333688B2AB4568800AFC0C9 /* Assets.xcassets */ = {isa = PBXFileReference; lastKnownFileType = folder.assetcatalog; path = Assets.xcassets; sourceTree = "<group>"; };
		9333688E2AB4568800AFC0C9 /* Base */ = {isa = PBXFileReference; lastKnownFileType = file.storyboard; name = Base; path = Base.lproj/LaunchScreen.storyboard; sourceTree = "<group>"; };
		933368902AB4568800AFC0C9 /* Info.plist */ = {isa = PBXFileReference; lastKnownFileType = text.plist.xml; path = Info.plist; sourceTree = "<group>"; };
		9333689B2AB459AE00AFC0C9 /* NewslineViewController.swift */ = {isa = PBXFileReference; lastKnownFileType = sourcecode.swift; path = NewslineViewController.swift; sourceTree = "<group>"; };
		9333689E2AB459C300AFC0C9 /* DetailedInformationViewController.swift */ = {isa = PBXFileReference; lastKnownFileType = sourcecode.swift; path = DetailedInformationViewController.swift; sourceTree = "<group>"; };
		933368A32AB4628E00AFC0C9 /* NewsFeedTableViewCell.swift */ = {isa = PBXFileReference; lastKnownFileType = sourcecode.swift; path = NewsFeedTableViewCell.swift; sourceTree = "<group>"; };
		933368A42AB4628E00AFC0C9 /* NewsFeedTableViewCell.xib */ = {isa = PBXFileReference; lastKnownFileType = file.xib; path = NewsFeedTableViewCell.xib; sourceTree = "<group>"; };
		933368AA2AB4757B00AFC0C9 /* NetworkManager.swift */ = {isa = PBXFileReference; lastKnownFileType = sourcecode.swift; path = NetworkManager.swift; sourceTree = "<group>"; };
		933368AD2AB4766F00AFC0C9 /* NetworkFetchService.swift */ = {isa = PBXFileReference; lastKnownFileType = sourcecode.swift; path = NetworkFetchService.swift; sourceTree = "<group>"; };
		933368B12AB4770200AFC0C9 /* NewsFeedModel.swift */ = {isa = PBXFileReference; lastKnownFileType = sourcecode.swift; path = NewsFeedModel.swift; sourceTree = "<group>"; };
		933368B92AB4790800AFC0C9 /* DetailedNewsModel.swift */ = {isa = PBXFileReference; lastKnownFileType = sourcecode.swift; path = DetailedNewsModel.swift; sourceTree = "<group>"; };
/* End PBXFileReference section */

/* Begin PBXFrameworksBuildPhase section */
		9333687C2AB4568600AFC0C9 /* Frameworks */ = {
			isa = PBXFrameworksBuildPhase;
			buildActionMask = 2147483647;
			files = (
			);
			runOnlyForDeploymentPostprocessing = 0;
		};
/* End PBXFrameworksBuildPhase section */

/* Begin PBXGroup section */
		933368762AB4568600AFC0C9 = {
			isa = PBXGroup;
			children = (
				933368812AB4568600AFC0C9 /* NewslineTestApp */,
				933368802AB4568600AFC0C9 /* Products */,
			);
			sourceTree = "<group>";
		};
		933368802AB4568600AFC0C9 /* Products */ = {
			isa = PBXGroup;
			children = (
				9333687F2AB4568600AFC0C9 /* NewslineTestApp.app */,
			);
			name = Products;
			sourceTree = "<group>";
		};
		933368812AB4568600AFC0C9 /* NewslineTestApp */ = {
			isa = PBXGroup;
			children = (
				933368822AB4568600AFC0C9 /* AppDelegate.swift */,
				933368842AB4568600AFC0C9 /* SceneDelegate.swift */,
				933368982AB4595B00AFC0C9 /* Models */,
				933368992AB4596200AFC0C9 /* Views */,
				933368972AB4594E00AFC0C9 /* Controllers */,
				933368882AB4568600AFC0C9 /* Main.storyboard */,
				9333688B2AB4568800AFC0C9 /* Assets.xcassets */,
				9333688D2AB4568800AFC0C9 /* LaunchScreen.storyboard */,
				933368902AB4568800AFC0C9 /* Info.plist */,
			);
			path = NewslineTestApp;
			sourceTree = "<group>";
		};
		933368972AB4594E00AFC0C9 /* Controllers */ = {
			isa = PBXGroup;
			children = (
				9333689B2AB459AE00AFC0C9 /* NewslineViewController.swift */,
				9333689E2AB459C300AFC0C9 /* DetailedInformationViewController.swift */,
			);
			path = Controllers;
			sourceTree = "<group>";
		};
		933368982AB4595B00AFC0C9 /* Models */ = {
			isa = PBXGroup;
			children = (
				933368B02AB476F500AFC0C9 /* DataModels */,
				933368AA2AB4757B00AFC0C9 /* NetworkManager.swift */,
				933368AD2AB4766F00AFC0C9 /* NetworkFetchService.swift */,
			);
			path = Models;
			sourceTree = "<group>";
		};
		933368992AB4596200AFC0C9 /* Views */ = {
			isa = PBXGroup;
			children = (
				933368A82AB4629500AFC0C9 /* Cells */,
			);
			path = Views;
			sourceTree = "<group>";
		};
		933368A82AB4629500AFC0C9 /* Cells */ = {
			isa = PBXGroup;
			children = (
				933368A32AB4628E00AFC0C9 /* NewsFeedTableViewCell.swift */,
				933368A42AB4628E00AFC0C9 /* NewsFeedTableViewCell.xib */,
			);
			path = Cells;
			sourceTree = "<group>";
		};
		933368B02AB476F500AFC0C9 /* DataModels */ = {
			isa = PBXGroup;
			children = (
				933368B12AB4770200AFC0C9 /* NewsFeedModel.swift */,
				933368B92AB4790800AFC0C9 /* DetailedNewsModel.swift */,
			);
			path = DataModels;
			sourceTree = "<group>";
		};
/* End PBXGroup section */

/* Begin PBXNativeTarget section */
		9333687E2AB4568600AFC0C9 /* NewslineTestApp */ = {
			isa = PBXNativeTarget;
			buildConfigurationList = 933368932AB4568800AFC0C9 /* Build configuration list for PBXNativeTarget "NewslineTestApp" */;
			buildPhases = (
				9333687B2AB4568600AFC0C9 /* Sources */,
				9333687C2AB4568600AFC0C9 /* Frameworks */,
				9333687D2AB4568600AFC0C9 /* Resources */,
			);
			buildRules = (
			);
			dependencies = (
			);
			name = NewslineTestApp;
			productName = NewslineTestApp;
			productReference = 9333687F2AB4568600AFC0C9 /* NewslineTestApp.app */;
			productType = "com.apple.product-type.application";
		};
/* End PBXNativeTarget section */

/* Begin PBXProject section */
		933368772AB4568600AFC0C9 /* Project object */ = {
			isa = PBXProject;
			attributes = {
				LastSwiftUpdateCheck = 1240;
				LastUpgradeCheck = 1240;
				TargetAttributes = {
					9333687E2AB4568600AFC0C9 = {
						CreatedOnToolsVersion = 12.4;
					};
				};
			};
			buildConfigurationList = 9333687A2AB4568600AFC0C9 /* Build configuration list for PBXProject "NewslineTestApp" */;
			compatibilityVersion = "Xcode 9.3";
			developmentRegion = en;
			hasScannedForEncodings = 0;
			knownRegions = (
				en,
				Base,
			);
			mainGroup = 933368762AB4568600AFC0C9;
			productRefGroup = 933368802AB4568600AFC0C9 /* Products */;
			projectDirPath = "";
			projectRoot = "";
			targets = (
				9333687E2AB4568600AFC0C9 /* NewslineTestApp */,
			);
		};
/* End PBXProject section */

/* Begin PBXResourcesBuildPhase section */
		9333687D2AB4568600AFC0C9 /* Resources */ = {
			isa = PBXResourcesBuildPhase;
			buildActionMask = 2147483647;
			files = (
				9333688F2AB4568800AFC0C9 /* LaunchScreen.storyboard in Resources */,
				9333688C2AB4568800AFC0C9 /* Assets.xcassets in Resources */,
				933368A62AB4628E00AFC0C9 /* NewsFeedTableViewCell.xib in Resources */,
				9333688A2AB4568600AFC0C9 /* Main.storyboard in Resources */,
			);
			runOnlyForDeploymentPostprocessing = 0;
		};
/* End PBXResourcesBuildPhase section */

/* Begin PBXSourcesBuildPhase section */
		9333687B2AB4568600AFC0C9 /* Sources */ = {
			isa = PBXSourcesBuildPhase;
			buildActionMask = 2147483647;
			files = (
				933368B22AB4770200AFC0C9 /* NewsFeedModel.swift in Sources */,
				933368AB2AB4757B00AFC0C9 /* NetworkManager.swift in Sources */,
				933368BA2AB4790800AFC0C9 /* DetailedNewsModel.swift in Sources */,
				933368832AB4568600AFC0C9 /* AppDelegate.swift in Sources */,
				933368852AB4568600AFC0C9 /* SceneDelegate.swift in Sources */,
				9333689C2AB459AE00AFC0C9 /* NewslineViewController.swift in Sources */,
				933368A52AB4628E00AFC0C9 /* NewsFeedTableViewCell.swift in Sources */,
				9333689F2AB459C300AFC0C9 /* DetailedInformationViewController.swift in Sources */,
				933368AE2AB4766F00AFC0C9 /* NetworkFetchService.swift in Sources */,
			);
			runOnlyForDeploymentPostprocessing = 0;
		};
/* End PBXSourcesBuildPhase section */

/* Begin PBXVariantGroup section */
		933368882AB4568600AFC0C9 /* Main.storyboard */ = {
			isa = PBXVariantGroup;
			children = (
				933368892AB4568600AFC0C9 /* Base */,
			);
			name = Main.storyboard;
			sourceTree = "<group>";
		};
		9333688D2AB4568800AFC0C9 /* LaunchScreen.storyboard */ = {
			isa = PBXVariantGroup;
			children = (
				9333688E2AB4568800AFC0C9 /* Base */,
			);
			name = LaunchScreen.storyboard;
			sourceTree = "<group>";
		};
/* End PBXVariantGroup section */

/* Begin XCBuildConfiguration section */
		933368912AB4568800AFC0C9 /* Debug */ = {
			isa = XCBuildConfiguration;
			buildSettings = {
				ALWAYS_SEARCH_USER_PATHS = NO;
				CLANG_ANALYZER_NONNULL = YES;
				CLANG_ANALYZER_NUMBER_OBJECT_CONVERSION = YES_AGGRESSIVE;
				CLANG_CXX_LANGUAGE_STANDARD = "gnu++14";
				CLANG_CXX_LIBRARY = "libc++";
				CLANG_ENABLE_MODULES = YES;
				CLANG_ENABLE_OBJC_ARC = YES;
				CLANG_ENABLE_OBJC_WEAK = YES;
				CLANG_WARN_BLOCK_CAPTURE_AUTORELEASING = YES;
				CLANG_WARN_BOOL_CONVERSION = YES;
				CLANG_WARN_COMMA = YES;
				CLANG_WARN_CONSTANT_CONVERSION = YES;
				CLANG_WARN_DEPRECATED_OBJC_IMPLEMENTATIONS = YES;
				CLANG_WARN_DIRECT_OBJC_ISA_USAGE = YES_ERROR;
				CLANG_WARN_DOCUMENTATION_COMMENTS = YES;
				CLANG_WARN_EMPTY_BODY = YES;
				CLANG_WARN_ENUM_CONVERSION = YES;
				CLANG_WARN_INFINITE_RECURSION = YES;
				CLANG_WARN_INT_CONVERSION = YES;
				CLANG_WARN_NON_LITERAL_NULL_CONVERSION = YES;
				CLANG_WARN_OBJC_IMPLICIT_RETAIN_SELF = YES;
				CLANG_WARN_OBJC_LITERAL_CONVERSION = YES;
				CLANG_WARN_OBJC_ROOT_CLASS = YES_ERROR;
				CLANG_WARN_QUOTED_INCLUDE_IN_FRAMEWORK_HEADER = YES;
				CLANG_WARN_RANGE_LOOP_ANALYSIS = YES;
				CLANG_WARN_STRICT_PROTOTYPES = YES;
				CLANG_WARN_SUSPICIOUS_MOVE = YES;
				CLANG_WARN_UNGUARDED_AVAILABILITY = YES_AGGRESSIVE;
				CLANG_WARN_UNREACHABLE_CODE = YES;
				CLANG_WARN__DUPLICATE_METHOD_MATCH = YES;
				COPY_PHASE_STRIP = NO;
				DEBUG_INFORMATION_FORMAT = dwarf;
				ENABLE_STRICT_OBJC_MSGSEND = YES;
				ENABLE_TESTABILITY = YES;
				GCC_C_LANGUAGE_STANDARD = gnu11;
				GCC_DYNAMIC_NO_PIC = NO;
				GCC_NO_COMMON_BLOCKS = YES;
				GCC_OPTIMIZATION_LEVEL = 0;
				GCC_PREPROCESSOR_DEFINITIONS = (
					"DEBUG=1",
					"$(inherited)",
				);
				GCC_WARN_64_TO_32_BIT_CONVERSION = YES;
				GCC_WARN_ABOUT_RETURN_TYPE = YES_ERROR;
				GCC_WARN_UNDECLARED_SELECTOR = YES;
				GCC_WARN_UNINITIALIZED_AUTOS = YES_AGGRESSIVE;
				GCC_WARN_UNUSED_FUNCTION = YES;
				GCC_WARN_UNUSED_VARIABLE = YES;
				IPHONEOS_DEPLOYMENT_TARGET = 14.4;
				MTL_ENABLE_DEBUG_INFO = INCLUDE_SOURCE;
				MTL_FAST_MATH = YES;
				ONLY_ACTIVE_ARCH = YES;
				SDKROOT = iphoneos;
				SWIFT_ACTIVE_COMPILATION_CONDITIONS = DEBUG;
				SWIFT_OPTIMIZATION_LEVEL = "-Onone";
			};
			name = Debug;
		};
		933368922AB4568800AFC0C9 /* Release */ = {
			isa = XCBuildConfiguration;
			buildSettings = {
				ALWAYS_SEARCH_USER_PATHS = NO;
				CLANG_ANALYZER_NONNULL = YES;
				CLANG_ANALYZER_NUMBER_OBJECT_CONVERSION = YES_AGGRESSIVE;
				CLANG_CXX_LANGUAGE_STANDARD = "gnu++14";
				CLANG_CXX_LIBRARY = "libc++";
				CLANG_ENABLE_MODULES = YES;
				CLANG_ENABLE_OBJC_ARC = YES;
				CLANG_ENABLE_OBJC_WEAK = YES;
				CLANG_WARN_BLOCK_CAPTURE_AUTORELEASING = YES;
				CLANG_WARN_BOOL_CONVERSION = YES;
				CLANG_WARN_COMMA = YES;
				CLANG_WARN_CONSTANT_CONVERSION = YES;
				CLANG_WARN_DEPRECATED_OBJC_IMPLEMENTATIONS = YES;
				CLANG_WARN_DIRECT_OBJC_ISA_USAGE = YES_ERROR;
				CLANG_WARN_DOCUMENTATION_COMMENTS = YES;
				CLANG_WARN_EMPTY_BODY = YES;
				CLANG_WARN_ENUM_CONVERSION = YES;
				CLANG_WARN_INFINITE_RECURSION = YES;
				CLANG_WARN_INT_CONVERSION = YES;
				CLANG_WARN_NON_LITERAL_NULL_CONVERSION = YES;
				CLANG_WARN_OBJC_IMPLICIT_RETAIN_SELF = YES;
				CLANG_WARN_OBJC_LITERAL_CONVERSION = YES;
				CLANG_WARN_OBJC_ROOT_CLASS = YES_ERROR;
				CLANG_WARN_QUOTED_INCLUDE_IN_FRAMEWORK_HEADER = YES;
				CLANG_WARN_RANGE_LOOP_ANALYSIS = YES;
				CLANG_WARN_STRICT_PROTOTYPES = YES;
				CLANG_WARN_SUSPICIOUS_MOVE = YES;
				CLANG_WARN_UNGUARDED_AVAILABILITY = YES_AGGRESSIVE;
				CLANG_WARN_UNREACHABLE_CODE = YES;
				CLANG_WARN__DUPLICATE_METHOD_MATCH = YES;
				COPY_PHASE_STRIP = NO;
				DEBUG_INFORMATION_FORMAT = "dwarf-with-dsym";
				ENABLE_NS_ASSERTIONS = NO;
				ENABLE_STRICT_OBJC_MSGSEND = YES;
				GCC_C_LANGUAGE_STANDARD = gnu11;
				GCC_NO_COMMON_BLOCKS = YES;
				GCC_WARN_64_TO_32_BIT_CONVERSION = YES;
				GCC_WARN_ABOUT_RETURN_TYPE = YES_ERROR;
				GCC_WARN_UNDECLARED_SELECTOR = YES;
				GCC_WARN_UNINITIALIZED_AUTOS = YES_AGGRESSIVE;
				GCC_WARN_UNUSED_FUNCTION = YES;
				GCC_WARN_UNUSED_VARIABLE = YES;
				IPHONEOS_DEPLOYMENT_TARGET = 14.4;
				MTL_ENABLE_DEBUG_INFO = NO;
				MTL_FAST_MATH = YES;
				SDKROOT = iphoneos;
				SWIFT_COMPILATION_MODE = wholemodule;
				SWIFT_OPTIMIZATION_LEVEL = "-O";
				VALIDATE_PRODUCT = YES;
			};
			name = Release;
		};
		933368942AB4568800AFC0C9 /* Debug */ = {
			isa = XCBuildConfiguration;
			buildSettings = {
				ASSETCATALOG_COMPILER_APPICON_NAME = AppIcon;
				ASSETCATALOG_COMPILER_GLOBAL_ACCENT_COLOR_NAME = AccentColor;
				CODE_SIGN_STYLE = Automatic;
				INFOPLIST_FILE = NewslineTestApp/Info.plist;
				LD_RUNPATH_SEARCH_PATHS = (
					"$(inherited)",
					"@executable_path/Frameworks",
				);
				PRODUCT_BUNDLE_IDENTIFIER = MixonUa.NewslineTestApp;
				PRODUCT_NAME = "$(TARGET_NAME)";
				SWIFT_VERSION = 5.0;
				TARGETED_DEVICE_FAMILY = "1,2";
			};
			name = Debug;
		};
		933368952AB4568800AFC0C9 /* Release */ = {
			isa = XCBuildConfiguration;
			buildSettings = {
				ASSETCATALOG_COMPILER_APPICON_NAME = AppIcon;
				ASSETCATALOG_COMPILER_GLOBAL_ACCENT_COLOR_NAME = AccentColor;
				CODE_SIGN_STYLE = Automatic;
				INFOPLIST_FILE = NewslineTestApp/Info.plist;
				LD_RUNPATH_SEARCH_PATHS = (
					"$(inherited)",
					"@executable_path/Frameworks",
				);
				PRODUCT_BUNDLE_IDENTIFIER = MixonUa.NewslineTestApp;
				PRODUCT_NAME = "$(TARGET_NAME)";
				SWIFT_VERSION = 5.0;
				TARGETED_DEVICE_FAMILY = "1,2";
			};
			name = Release;
		};
/* End XCBuildConfiguration section */

/* Begin XCConfigurationList section */
		9333687A2AB4568600AFC0C9 /* Build configuration list for PBXProject "NewslineTestApp" */ = {
			isa = XCConfigurationList;
			buildConfigurations = (
				933368912AB4568800AFC0C9 /* Debug */,
				933368922AB4568800AFC0C9 /* Release */,
			);
			defaultConfigurationIsVisible = 0;
			defaultConfigurationName = Release;
		};
		933368932AB4568800AFC0C9 /* Build configuration list for PBXNativeTarget "NewslineTestApp" */ = {
			isa = XCConfigurationList;
			buildConfigurations = (
				933368942AB4568800AFC0C9 /* Debug */,
				933368952AB4568800AFC0C9 /* Release */,
			);
			defaultConfigurationIsVisible = 0;
			defaultConfigurationName = Release;
		};
/* End XCConfigurationList section */
	};
	rootObject = 933368772AB4568600AFC0C9 /* Project object */;
}
